
Microsoft Visual Studio Solution File, Format Version 12.00
# Visual Studio 15
VisualStudioVersion = 15.0.28307.329
MinimumVisualStudioVersion = 10.0.40219.1
Project("{9A19103F-16F7-4668-BE54-9A1E7A4F7556}") = "cmejia.test.gap", "cmejia.test.gap\cmejia.test.gap.csproj", "{5285CC62-3FDD-4D9A-AB9F-71E425CCB66E}"
EndProject
Project("{2150E333-8FDC-42A3-9474-1A3956D46DE8}") = "App", "App", "{2E65B37E-8FD8-49BC-BAF4-A3BF117F94D4}"
EndProject
Project("{2150E333-8FDC-42A3-9474-1A3956D46DE8}") = "Domain", "Domain", "{E59AF519-C9C0-400E-AD51-9A4FACC8D5B3}"
EndProject
Project("{FAE04EC0-301F-11D3-BF4B-00C04F79EFBC}") = "cmejia.test.gap.Domain", "cmejia.test.gap.Domain\cmejia.test.gap.Domain.csproj", "{C6EAC042-8A07-43FB-B5E7-122868F1006E}"
EndProject
Project("{FAE04EC0-301F-11D3-BF4B-00C04F79EFBC}") = "cmejia.test.gap.Domain.Data", "cmejia.test.gap.Domain.Data\cmejia.test.gap.Domain.Data.csproj", "{919D9D1A-2FC9-49D7-8086-2E144816E88C}"
EndProject
Project("{FAE04EC0-301F-11D3-BF4B-00C04F79EFBC}") = "cmejia.test.gap.Domain.Mapping", "cmejia.test.gap.Domain.Mapping\cmejia.test.gap.Domain.Mapping.csproj", "{14651D1E-C8C1-4574-8A19-BB6991024742}"
EndProject
Global
	GlobalSection(SolutionConfigurationPlatforms) = preSolution
		Debug|Any CPU = Debug|Any CPU
		Release|Any CPU = Release|Any CPU
	EndGlobalSection
	GlobalSection(ProjectConfigurationPlatforms) = postSolution
		{5285CC62-3FDD-4D9A-AB9F-71E425CCB66E}.Debug|Any CPU.ActiveCfg = Debug|Any CPU
		{5285CC62-3FDD-4D9A-AB9F-71E425CCB66E}.Debug|Any CPU.Build.0 = Debug|Any CPU
		{5285CC62-3FDD-4D9A-AB9F-71E425CCB66E}.Release|Any CPU.ActiveCfg = Release|Any CPU
		{5285CC62-3FDD-4D9A-AB9F-71E425CCB66E}.Release|Any CPU.Build.0 = Release|Any CPU
		{C6EAC042-8A07-43FB-B5E7-122868F1006E}.Debug|Any CPU.ActiveCfg = Debug|Any CPU
		{C6EAC042-8A07-43FB-B5E7-122868F1006E}.Debug|Any CPU.Build.0 = Debug|Any CPU
		{C6EAC042-8A07-43FB-B5E7-122868F1006E}.Release|Any CPU.ActiveCfg = Release|Any CPU
		{C6EAC042-8A07-43FB-B5E7-122868F1006E}.Release|Any CPU.Build.0 = Release|Any CPU
		{919D9D1A-2FC9-49D7-8086-2E144816E88C}.Debug|Any CPU.ActiveCfg = Debug|Any CPU
		{919D9D1A-2FC9-49D7-8086-2E144816E88C}.Debug|Any CPU.Build.0 = Debug|Any CPU
		{919D9D1A-2FC9-49D7-8086-2E144816E88C}.Release|Any CPU.ActiveCfg = Release|Any CPU
		{919D9D1A-2FC9-49D7-8086-2E144816E88C}.Release|Any CPU.Build.0 = Release|Any CPU
		{14651D1E-C8C1-4574-8A19-BB6991024742}.Debug|Any CPU.ActiveCfg = Debug|Any CPU
		{14651D1E-C8C1-4574-8A19-BB6991024742}.Debug|Any CPU.Build.0 = Debug|Any CPU
		{14651D1E-C8C1-4574-8A19-BB6991024742}.Release|Any CPU.ActiveCfg = Release|Any CPU
		{14651D1E-C8C1-4574-8A19-BB6991024742}.Release|Any CPU.Build.0 = Release|Any CPU
	EndGlobalSection
	GlobalSection(SolutionProperties) = preSolution
		HideSolutionNode = FALSE
	EndGlobalSection
	GlobalSection(NestedProjects) = preSolution
		{5285CC62-3FDD-4D9A-AB9F-71E425CCB66E} = {2E65B37E-8FD8-49BC-BAF4-A3BF117F94D4}
		{C6EAC042-8A07-43FB-B5E7-122868F1006E} = {E59AF519-C9C0-400E-AD51-9A4FACC8D5B3}
		{919D9D1A-2FC9-49D7-8086-2E144816E88C} = {E59AF519-C9C0-400E-AD51-9A4FACC8D5B3}
		{14651D1E-C8C1-4574-8A19-BB6991024742} = {E59AF519-C9C0-400E-AD51-9A4FACC8D5B3}
	EndGlobalSection
	GlobalSection(ExtensibilityGlobals) = postSolution
		SolutionGuid = {9B698BDE-5EB4-4D33-95B6-945FE71B3FBF}
	EndGlobalSection
EndGlobal
